{
  "version": 4,
  "terraform_version": "0.12.24",
  "serial": 2,
  "lineage": "152b854d-9b72-fe5c-b131-3b9fcf1f5a0f",
  "outputs": {
    "kubernetes_cluster_name": {
      "value": "vaulted-valor-278105-gke",
      "type": "string"
    }
  },
  "resources": [
    {
      "mode": "managed",
      "type": "google_container_cluster",
      "name": "primary",
      "provider": "provider.google",
      "instances": [
        {
          "schema_version": 1,
          "attributes": {
            "additional_zones": [],
            "addons_config": [
              {
                "cloudrun_config": [],
                "horizontal_pod_autoscaling": [],
                "http_load_balancing": [],
                "kubernetes_dashboard": [],
                "network_policy_config": [
                  {
                    "disabled": true
                  }
                ]
              }
            ],
            "authenticator_groups_config": [],
            "cluster_autoscaling": [
              {
                "auto_provisioning_defaults": [],
                "enabled": false,
                "resource_limits": []
              }
            ],
            "cluster_ipv4_cidr": "10.56.0.0/14",
            "default_max_pods_per_node": null,
            "description": "",
            "enable_binary_authorization": false,
            "enable_intranode_visibility": null,
            "enable_kubernetes_alpha": false,
            "enable_legacy_abac": false,
            "enable_shielded_nodes": false,
            "enable_tpu": null,
            "endpoint": "34.75.11.116",
            "id": "projects/vaulted-valor-278105/locations/us-east1/clusters/vaulted-valor-278105-gke",
            "initial_node_count": 1,
            "instance_group_urls": [
              "https://www.googleapis.com/compute/v1/projects/vaulted-valor-278105/zones/us-east1-b/instanceGroups/gke-vaulted-valor-278105-default-pool-49cb0af3-grp",
              "https://www.googleapis.com/compute/v1/projects/vaulted-valor-278105/zones/us-east1-c/instanceGroups/gke-vaulted-valor-278105-default-pool-acc90648-grp",
              "https://www.googleapis.com/compute/v1/projects/vaulted-valor-278105/zones/us-east1-d/instanceGroups/gke-vaulted-valor-278105-default-pool-a73aa895-grp"
            ],
            "ip_allocation_policy": [],
            "label_fingerprint": "a9dc16a7",
            "location": "us-east1",
            "logging_service": "logging.googleapis.com/kubernetes",
            "maintenance_policy": [],
            "master_auth": [
              {
                "client_certificate": "",
                "client_certificate_config": [
                  {
                    "issue_client_certificate": false
                  }
                ],
                "client_key": "",
                "cluster_ca_certificate": "LS0tLS1CRUdJTiBDRVJUSUZJQ0FURS0tLS0tCk1JSURDekNDQWZPZ0F3SUJBZ0lRQWYzejhqczlMVzFvNHRJT2paSnNZREFOQmdrcWhraUc5dzBCQVFzRkFEQXYKTVMwd0t3WURWUVFERXlSaFptVXdNR1ZpWXkxaE9XSXdMVFJrTVRNdFltTmpZeTFqTUdFNFkyUXdOemhtT0RZdwpIaGNOTWpBd05qQXhNRE16TWpReVdoY05NalV3TlRNeE1EUXpNalF5V2pBdk1TMHdLd1lEVlFRREV5UmhabVV3Ck1HVmlZeTFoT1dJd0xUUmtNVE10WW1Oall5MWpNR0U0WTJRd056aG1PRFl3Z2dFaU1BMEdDU3FHU0liM0RRRUIKQVFVQUE0SUJEd0F3Z2dFS0FvSUJBUUMrc2JsYTVrS3UzcjRqUUdNSHpKWE9EMzhCVG5xYUFDWGwvTFRtVFVJawpCSVpSUW9BMU1XMzFqZTlRL05YbE0wK3ZFYXFockNkc2J0ODdSRVJ4UzRmQWx6aUd0ekVmOXpyanRuTG9lSFBNCmd6WDhGbGRwQU5iSENNcnY3cnFwOGtjclVmQ3B0VjJWTThQSE5ndkdhSXJjRkQ5UTFIazBtVTRCcXZhMU92YnIKL281KzFUSnFiZFBnWjRvaDJLbVo5cHVGRVhWaUJsM3NnQk9ybm0xb0ZKU3h5Z09Wd0ljYXRXZ3ExRW83UE1EZApmRkZNM0lLL1UrN2wrRDRpakZqWkZxb00rMldQTk1nZTZGNWlwUVdIMmg4Q3JoOTNvVWdneXJPQ2NnMlZJKzE3CkIrRVh4U2FiYTd5RzAwRllNbUJLNnRRRzBjVXZZN0hmUHVTRmNrdThldFI3QWdNQkFBR2pJekFoTUE0R0ExVWQKRHdFQi93UUVBd0lDQkRBUEJnTlZIUk1CQWY4RUJUQURBUUgvTUEwR0NTcUdTSWIzRFFFQkN3VUFBNElCQVFDRQpPV002R1JZMUoxU2x4MVRBNTYrTGEwZFpTV1FpYXF2VlJZa21Qc0w2c25kbEkrT09MbGZMYzJxaUtTOHBSdHNzCmRIUlpXZllRNjZnZVpkR1kza0tESm16Y3lnS2FtWUtUSzlGUGdxbnpOelVyYUNtNGdZcDN1aXF2VEw0KzRqRGYKNkZhSEVVbTN6UGV1OXF0MDN0eDVLWGF0U2V2MUNMWHcwd2xvMkVOSEdZZ3ZGSldnYVZNRElDTFdSUHpoWStDOAp2RGhKYTJlRkpXdFUxSFM4NTF2a1hDTCs5ZVBCUUhmTjNqSkYrb1VMVUthOGdha0xveGhUZkorRVdkemEyVU43CkN1Qk1WV3o0R3RtVi8zcmdIbXg5LzJ5L0F4SFZubG01SW9NbFNTOGpOVEFPWkd4eU9wY09IanE1T2tPa0d5UC8KMkppS0pqSnJKWnA5OVFzblBwSDUKLS0tLS1FTkQgQ0VSVElGSUNBVEUtLS0tLQo=",
                "password": "",
                "username": ""
              }
            ],
            "master_authorized_networks_config": [],
            "master_version": "1.14.10-gke.36",
            "min_master_version": null,
            "monitoring_service": "monitoring.googleapis.com/kubernetes",
            "name": "vaulted-valor-278105-gke",
            "network": "projects/vaulted-valor-278105/global/networks/default",
            "network_policy": [
              {
                "enabled": false,
                "provider": "PROVIDER_UNSPECIFIED"
              }
            ],
            "node_config": [
              {
                "disk_size_gb": 100,
                "disk_type": "pd-standard",
                "guest_accelerator": [],
                "image_type": "COS",
                "labels": {},
                "local_ssd_count": 0,
                "machine_type": "n1-standard-1",
                "metadata": {
                  "disable-legacy-endpoints": "true"
                },
                "min_cpu_platform": "",
                "oauth_scopes": [
                  "https://www.googleapis.com/auth/devstorage.read_only",
                  "https://www.googleapis.com/auth/logging.write",
                  "https://www.googleapis.com/auth/monitoring",
                  "https://www.googleapis.com/auth/service.management.readonly",
                  "https://www.googleapis.com/auth/servicecontrol",
                  "https://www.googleapis.com/auth/trace.append"
                ],
                "preemptible": false,
                "sandbox_config": [],
                "service_account": "default",
                "shielded_instance_config": [
                  {
                    "enable_integrity_monitoring": true,
                    "enable_secure_boot": false
                  }
                ],
                "tags": [],
                "taint": [],
                "workload_metadata_config": []
              }
            ],
            "node_locations": [
              "us-east1-b",
              "us-east1-c",
              "us-east1-d"
            ],
            "node_pool": [
              {
                "autoscaling": [],
                "initial_node_count": 1,
                "instance_group_urls": [
                  "https://www.googleapis.com/compute/v1/projects/vaulted-valor-278105/zones/us-east1-b/instanceGroupManagers/gke-vaulted-valor-278105-default-pool-49cb0af3-grp",
                  "https://www.googleapis.com/compute/v1/projects/vaulted-valor-278105/zones/us-east1-c/instanceGroupManagers/gke-vaulted-valor-278105-default-pool-acc90648-grp",
                  "https://www.googleapis.com/compute/v1/projects/vaulted-valor-278105/zones/us-east1-d/instanceGroupManagers/gke-vaulted-valor-278105-default-pool-a73aa895-grp"
                ],
                "management": [
                  {
                    "auto_repair": true,
                    "auto_upgrade": true
                  }
                ],
                "max_pods_per_node": 0,
                "name": "default-pool",
                "name_prefix": "",
                "node_config": [
                  {
                    "disk_size_gb": 100,
                    "disk_type": "pd-standard",
                    "guest_accelerator": [],
                    "image_type": "COS",
                    "labels": {},
                    "local_ssd_count": 0,
                    "machine_type": "n1-standard-1",
                    "metadata": {
                      "disable-legacy-endpoints": "true"
                    },
                    "min_cpu_platform": "",
                    "oauth_scopes": [
                      "https://www.googleapis.com/auth/devstorage.read_only",
                      "https://www.googleapis.com/auth/logging.write",
                      "https://www.googleapis.com/auth/monitoring",
                      "https://www.googleapis.com/auth/service.management.readonly",
                      "https://www.googleapis.com/auth/servicecontrol",
                      "https://www.googleapis.com/auth/trace.append"
                    ],
                    "preemptible": false,
                    "sandbox_config": [],
                    "service_account": "default",
                    "shielded_instance_config": [
                      {
                        "enable_integrity_monitoring": true,
                        "enable_secure_boot": false
                      }
                    ],
                    "tags": [],
                    "taint": [],
                    "workload_metadata_config": []
                  }
                ],
                "node_count": 1,
                "node_locations": [
                  "us-east1-b",
                  "us-east1-c",
                  "us-east1-d"
                ],
                "upgrade_settings": [
                  {
                    "max_surge": 1,
                    "max_unavailable": 0
                  }
                ],
                "version": "1.14.10-gke.36"
              }
            ],
            "node_version": "1.14.10-gke.36",
            "operation": null,
            "pod_security_policy_config": null,
            "private_cluster_config": [],
            "project": "vaulted-valor-278105",
            "region": null,
            "remove_default_node_pool": null,
            "resource_labels": null,
            "resource_usage_export_config": [],
            "services_ipv4_cidr": "10.59.240.0/20",
            "subnetwork": "projects/vaulted-valor-278105/regions/us-east1/subnetworks/default",
            "timeouts": null,
            "vertical_pod_autoscaling": [],
            "zone": null
          },
          "private": "eyJlMmJmYjczMC1lY2FhLTExZTYtOGY4OC0zNDM2M2JjN2M0YzAiOnsiY3JlYXRlIjoyNDAwMDAwMDAwMDAwLCJkZWxldGUiOjI0MDAwMDAwMDAwMDAsInJlYWQiOjI0MDAwMDAwMDAwMDAsInVwZGF0ZSI6MzYwMDAwMDAwMDAwMH0sInNjaGVtYV92ZXJzaW9uIjoiMSJ9"
        }
      ]
    }
  ]
}
