{
  "version": 4,
  "terraform_version": "0.12.24",
  "serial": 11,
  "lineage": "152b854d-9b72-fe5c-b131-3b9fcf1f5a0f",
  "outputs": {
    "cluster-location": {
      "value": "us-east1-b",
      "type": "string"
    },
    "cluster-name": {
      "value": "switch-uploader-cluster",
      "type": "string"
    },
    "lb_ip": {
      "value": "35.196.10.81",
      "type": "string"
    }
  },
  "resources": [
    {
      "mode": "data",
      "type": "google_client_config",
      "name": "default",
      "provider": "provider.google",
      "instances": [
        {
          "schema_version": 0,
          "attributes": {
            "access_token": "ya29.a0AfH6SMCXQAvrXCas1IR8e7gpwsoqpbnc_Fh43edHhDL8PaoEIng7xrx-qHExXScsCQdUqamsOf8KUnzRkTLnceIOVrZlHoz_g90LXkTvC_IDuOGvz0h9ZIvY0HXyWihshdTtWzReoHBSs6mIuYoqLLZUpMh4fFOw87j2eBXu54wx4iRbWf5jMIeWnyeqbcWWeJFMJ38MMQXDI83nGcUJNbivu_oJQfZBax3SE2LVpCVLYQV0m3S_RnlJV35KmIFJVK5iLiH9SUY51A",
            "id": "2020-06-02 04:38:42.550352374 +0000 UTC",
            "project": "vaulted-valor-278105",
            "region": "us-east1",
            "zone": "us-east1-b"
          }
        }
      ]
    },
    {
      "mode": "managed",
      "type": "google_container_cluster",
      "name": "gke-cluster",
      "provider": "provider.google",
      "instances": [
        {
          "schema_version": 1,
          "attributes": {
            "additional_zones": [],
            "addons_config": [
              {
                "cloudrun_config": [],
                "horizontal_pod_autoscaling": [],
                "http_load_balancing": [],
                "kubernetes_dashboard": [],
                "network_policy_config": [
                  {
                    "disabled": true
                  }
                ]
              }
            ],
            "authenticator_groups_config": [],
            "cluster_autoscaling": [
              {
                "auto_provisioning_defaults": [],
                "enabled": false,
                "resource_limits": []
              }
            ],
            "cluster_ipv4_cidr": "10.36.0.0/14",
            "default_max_pods_per_node": 110,
            "description": "",
            "enable_binary_authorization": false,
            "enable_intranode_visibility": null,
            "enable_kubernetes_alpha": false,
            "enable_legacy_abac": false,
            "enable_shielded_nodes": false,
            "enable_tpu": null,
            "endpoint": "35.190.134.108",
            "id": "projects/vaulted-valor-278105/locations/us-east1-b/clusters/switch-uploader-cluster",
            "initial_node_count": 2,
            "instance_group_urls": [
              "https://www.googleapis.com/compute/v1/projects/vaulted-valor-278105/zones/us-east1-b/instanceGroups/gke-switch-uploader-clus-default-pool-83229e57-grp"
            ],
            "ip_allocation_policy": [],
            "label_fingerprint": "a9dc16a7",
            "location": "us-east1-b",
            "logging_service": "logging.googleapis.com/kubernetes",
            "maintenance_policy": [],
            "master_auth": [
              {
                "client_certificate": "",
                "client_certificate_config": [
                  {
                    "issue_client_certificate": false
                  }
                ],
                "client_key": "",
                "cluster_ca_certificate": "LS0tLS1CRUdJTiBDRVJUSUZJQ0FURS0tLS0tCk1JSURDekNDQWZPZ0F3SUJBZ0lRSkpVL3M5c1p0NGNIVDNITUc1VjJqREFOQmdrcWhraUc5dzBCQVFzRkFEQXYKTVMwd0t3WURWUVFERXlReFpEVTVZalU1TmkwM05tVmhMVFExTWpjdFlqUXdaQzFpWVRkbFpqYzFZakkyT1RRdwpIaGNOTWpBd05qQXlNREV3TnpBeFdoY05NalV3TmpBeE1ESXdOekF4V2pBdk1TMHdLd1lEVlFRREV5UXhaRFU1CllqVTVOaTAzTm1WaExUUTFNamN0WWpRd1pDMWlZVGRsWmpjMVlqSTJPVFF3Z2dFaU1BMEdDU3FHU0liM0RRRUIKQVFVQUE0SUJEd0F3Z2dFS0FvSUJBUURnL2NqUUVzZHJIZTdxZnY5bTlOb0JFdnNrbWZ6SUZSSWhiL3ZQV1JPYgpJb2kyK21QeWE0Wk5NTXhNcXlzcStqVDMyZWgyTTRlOXd4QjBVOFlMbDI1SUpTWHVJaUFUOTd4OTBqSmNBdFpxCk9lOG9GWkNXMTRoMU0wR3VzOUp1aFgvMllGMmhCSVVmOHVIaDFnOU95ZXZkSGVrRHIyT1BIdnV3N3liT1ozNGQKZXJwelBmMENsVml2dWJmVmlKaUY4T2Zsem5aUlNFeForeWRNcmx6aGZrRWwydlFqRmRSUm1ZYldSUGNLNUxPdApVRE9OV1FzK3laZnljQ2U3djM2VE9jNmd4RTlCbUdNUFNvSTBDYjNUa2tMeWovMXBCdWx2d3R1RDdaSndJWHZhClFod2NYandvZzVCSm5jNysxclB2OCtNeW9ZR3JGdWZSbzV6aExORnp4aEFuQWdNQkFBR2pJekFoTUE0R0ExVWQKRHdFQi93UUVBd0lDQkRBUEJnTlZIUk1CQWY4RUJUQURBUUgvTUEwR0NTcUdTSWIzRFFFQkN3VUFBNElCQVFDcApadUtzY2dyR3RrSWROWlFEMkJoRFZINDErcjZQckp0aGxZaWY5MThCRkE5cTlWcU52dlZYbHRFZVovZS92MVZvCmNyWnpqVXpGODBmTXpUeXdyYzVjRkRTaEJLVVhtN09MSTJ4NENNc2JOOHpWdzNsYi9xUUFhYnBYNjIxOEx5VmgKTElGQzVIM3QxdzlkbjIxeDBqTjMxR0NrVmFXaVk4S2hRa3JoeExIQU95aEVDenpGRGhqTTRzdU56RmkwYTg3bgprWmQ3V0ZnbXV1Y2dUWE95RGhCTXRaR0ZPTTYrZHhYK3FOR0ZZWTltbG1CTFM0eHFZeUVNb3BURnltZFdsZGNHClE2OTlXQjRhSk8rUUFUUHJXUXczeVQwQ3FJd01HQllxWWhZNGUwQVo2cWxsbzh5bmo0cGUxYXlFajVnWk9uWDYKYW9CdzFnUWRkVVJ3TTJZaW1UdngKLS0tLS1FTkQgQ0VSVElGSUNBVEUtLS0tLQo=",
                "password": "",
                "username": ""
              }
            ],
            "master_authorized_networks_config": [],
            "master_version": "1.14.10-gke.36",
            "min_master_version": null,
            "monitoring_service": "monitoring.googleapis.com/kubernetes",
            "name": "switch-uploader-cluster",
            "network": "projects/vaulted-valor-278105/global/networks/default",
            "network_policy": [
              {
                "enabled": false,
                "provider": "PROVIDER_UNSPECIFIED"
              }
            ],
            "node_config": [
              {
                "disk_size_gb": 100,
                "disk_type": "pd-standard",
                "guest_accelerator": [],
                "image_type": "COS",
                "labels": {},
                "local_ssd_count": 0,
                "machine_type": "n1-standard-1",
                "metadata": {
                  "disable-legacy-endpoints": "true"
                },
                "min_cpu_platform": "",
                "oauth_scopes": [
                  "https://www.googleapis.com/auth/logging.write",
                  "https://www.googleapis.com/auth/monitoring"
                ],
                "preemptible": true,
                "sandbox_config": [],
                "service_account": "default",
                "shielded_instance_config": [
                  {
                    "enable_integrity_monitoring": true,
                    "enable_secure_boot": false
                  }
                ],
                "tags": [],
                "taint": [],
                "workload_metadata_config": []
              }
            ],
            "node_locations": [],
            "node_pool": [
              {
                "autoscaling": [],
                "initial_node_count": 2,
                "instance_group_urls": [
                  "https://www.googleapis.com/compute/v1/projects/vaulted-valor-278105/zones/us-east1-b/instanceGroupManagers/gke-switch-uploader-clus-default-pool-83229e57-grp"
                ],
                "management": [
                  {
                    "auto_repair": false,
                    "auto_upgrade": true
                  }
                ],
                "max_pods_per_node": 0,
                "name": "default-pool",
                "name_prefix": "",
                "node_config": [
                  {
                    "disk_size_gb": 100,
                    "disk_type": "pd-standard",
                    "guest_accelerator": [],
                    "image_type": "COS",
                    "labels": {},
                    "local_ssd_count": 0,
                    "machine_type": "n1-standard-1",
                    "metadata": {
                      "disable-legacy-endpoints": "true"
                    },
                    "min_cpu_platform": "",
                    "oauth_scopes": [
                      "https://www.googleapis.com/auth/logging.write",
                      "https://www.googleapis.com/auth/monitoring"
                    ],
                    "preemptible": true,
                    "sandbox_config": [],
                    "service_account": "default",
                    "shielded_instance_config": [
                      {
                        "enable_integrity_monitoring": true,
                        "enable_secure_boot": false
                      }
                    ],
                    "tags": [],
                    "taint": [],
                    "workload_metadata_config": []
                  }
                ],
                "node_count": 2,
                "node_locations": [
                  "us-east1-b"
                ],
                "upgrade_settings": [
                  {
                    "max_surge": 1,
                    "max_unavailable": 0
                  }
                ],
                "version": "1.14.10-gke.36"
              }
            ],
            "node_version": "1.14.10-gke.36",
            "operation": null,
            "pod_security_policy_config": [],
            "private_cluster_config": [],
            "project": "vaulted-valor-278105",
            "region": null,
            "remove_default_node_pool": null,
            "resource_labels": {},
            "resource_usage_export_config": [],
            "services_ipv4_cidr": "10.39.240.0/20",
            "subnetwork": "projects/vaulted-valor-278105/regions/us-east1/subnetworks/default",
            "timeouts": null,
            "vertical_pod_autoscaling": [],
            "zone": null
          },
          "private": "eyJlMmJmYjczMC1lY2FhLTExZTYtOGY4OC0zNDM2M2JjN2M0YzAiOnsiY3JlYXRlIjoyNDAwMDAwMDAwMDAwLCJkZWxldGUiOjI0MDAwMDAwMDAwMDAsInJlYWQiOjI0MDAwMDAwMDAwMDAsInVwZGF0ZSI6MzYwMDAwMDAwMDAwMH0sInNjaGVtYV92ZXJzaW9uIjoiMSJ9"
        }
      ]
    },
    {
      "mode": "managed",
      "type": "kubernetes_deployment",
      "name": "switch-uploader-deployment",
      "provider": "provider.kubernetes",
      "instances": [
        {
          "schema_version": 0,
          "attributes": {
            "id": "development/switch-uploader-deployment",
            "metadata": [
              {
                "annotations": {},
                "generate_name": "",
                "generation": 2,
                "labels": {
                  "App": "switch-uploader"
                },
                "name": "switch-uploader-deployment",
                "namespace": "development",
                "resource_version": "31236",
                "self_link": "/apis/apps/v1/namespaces/development/deployments/switch-uploader-deployment",
                "uid": "1c20a226-a476-11ea-8eaa-42010a8e009c"
              }
            ],
            "spec": [
              {
                "min_ready_seconds": 0,
                "paused": false,
                "progress_deadline_seconds": 60,
                "replicas": 2,
                "revision_history_limit": 10,
                "selector": [
                  {
                    "match_expressions": [],
                    "match_labels": {
                      "App": "switch-uploader"
                    }
                  }
                ],
                "strategy": [
                  {
                    "rolling_update": [
                      {
                        "max_surge": "25%",
                        "max_unavailable": "25%"
                      }
                    ],
                    "type": "RollingUpdate"
                  }
                ],
                "template": [
                  {
                    "metadata": [
                      {
                        "annotations": {},
                        "generate_name": "",
                        "generation": 0,
                        "labels": {
                          "App": "switch-uploader"
                        },
                        "name": "",
                        "namespace": "",
                        "resource_version": "",
                        "self_link": "",
                        "uid": ""
                      }
                    ],
                    "spec": [
                      {
                        "active_deadline_seconds": 0,
                        "affinity": [],
                        "automount_service_account_token": false,
                        "container": [
                          {
                            "args": [],
                            "command": [],
                            "env": [
                              {
                                "name": "token",
                                "value": "1093817923:AAGh5Sdy-Uoa5GkPICZRCSlcGLICbkf_hmI",
                                "value_from": []
                              },
                              {
                                "name": "chat",
                                "value": "-1001190253610",
                                "value_from": []
                              }
                            ],
                            "env_from": [],
                            "image": "luloromero19/switch-uploader:v0.01",
                            "image_pull_policy": "IfNotPresent",
                            "lifecycle": [],
                            "liveness_probe": [],
                            "name": "switch-uploader",
                            "port": [
                              {
                                "container_port": 8080,
                                "host_ip": "",
                                "host_port": 0,
                                "name": "",
                                "protocol": "TCP"
                              }
                            ],
                            "readiness_probe": [],
                            "resources": [
                              {
                                "limits": [
                                  {
                                    "cpu": "200m",
                                    "memory": "2562Mi"
                                  }
                                ],
                                "requests": [
                                  {
                                    "cpu": "100m",
                                    "memory": "50Mi"
                                  }
                                ]
                              }
                            ],
                            "security_context": [],
                            "startup_probe": [],
                            "stdin": false,
                            "stdin_once": false,
                            "termination_message_path": "/dev/termination-log",
                            "tty": false,
                            "volume_mount": [],
                            "working_dir": ""
                          }
                        ],
                        "dns_config": [],
                        "dns_policy": "ClusterFirst",
                        "host_aliases": [],
                        "host_ipc": false,
                        "host_network": false,
                        "host_pid": false,
                        "hostname": "",
                        "image_pull_secrets": [],
                        "init_container": [],
                        "node_name": "",
                        "node_selector": {},
                        "priority_class_name": "",
                        "restart_policy": "Always",
                        "security_context": [],
                        "service_account_name": "",
                        "share_process_namespace": false,
                        "subdomain": "",
                        "termination_grace_period_seconds": 30,
                        "toleration": [],
                        "volume": []
                      }
                    ]
                  }
                ]
              }
            ],
            "timeouts": null
          },
          "private": "eyJlMmJmYjczMC1lY2FhLTExZTYtOGY4OC0zNDM2M2JjN2M0YzAiOnsiY3JlYXRlIjo2MDAwMDAwMDAwMDAsImRlbGV0ZSI6NjAwMDAwMDAwMDAwLCJ1cGRhdGUiOjYwMDAwMDAwMDAwMH19",
          "dependencies": [
            "google_container_cluster.gke-cluster",
            "kubernetes_namespace.n"
          ]
        }
      ]
    },
    {
      "mode": "managed",
      "type": "kubernetes_namespace",
      "name": "n",
      "provider": "provider.kubernetes",
      "instances": [
        {
          "schema_version": 0,
          "attributes": {
            "id": "development",
            "metadata": [
              {
                "annotations": {},
                "generate_name": "",
                "generation": 0,
                "labels": {},
                "name": "development",
                "resource_version": "615",
                "self_link": "/api/v1/namespaces/development",
                "uid": "1b5e87fe-a476-11ea-8eaa-42010a8e009c"
              }
            ],
            "timeouts": null
          },
          "private": "eyJlMmJmYjczMC1lY2FhLTExZTYtOGY4OC0zNDM2M2JjN2M0YzAiOnsiZGVsZXRlIjozMDAwMDAwMDAwMDB9fQ==",
          "dependencies": [
            "google_container_cluster.gke-cluster"
          ]
        }
      ]
    },
    {
      "mode": "managed",
      "type": "kubernetes_service",
      "name": "switch-uploader-service",
      "provider": "provider.kubernetes",
      "instances": [
        {
          "schema_version": 0,
          "attributes": {
            "id": "development/switch-uploader-service",
            "load_balancer_ingress": [
              {
                "hostname": "",
                "ip": "35.196.10.81"
              }
            ],
            "metadata": [
              {
                "annotations": {},
                "generate_name": "",
                "generation": 0,
                "labels": {},
                "name": "switch-uploader-service",
                "namespace": "development",
                "resource_version": "1105",
                "self_link": "/api/v1/namespaces/development/services/switch-uploader-service",
                "uid": "37924198-a476-11ea-8eaa-42010a8e009c"
              }
            ],
            "spec": [
              {
                "cluster_ip": "10.39.251.231",
                "external_ips": [],
                "external_name": "",
                "external_traffic_policy": "Cluster",
                "load_balancer_ip": "",
                "load_balancer_source_ranges": [],
                "port": [
                  {
                    "name": "",
                    "node_port": 31899,
                    "port": 80,
                    "protocol": "TCP",
                    "target_port": "8080"
                  }
                ],
                "publish_not_ready_addresses": false,
                "selector": {
                  "App": "switch-uploader"
                },
                "session_affinity": "None",
                "type": "LoadBalancer"
              }
            ],
            "timeouts": null
          },
          "private": "eyJlMmJmYjczMC1lY2FhLTExZTYtOGY4OC0zNDM2M2JjN2M0YzAiOnsiY3JlYXRlIjo2MDAwMDAwMDAwMDB9fQ==",
          "dependencies": [
            "google_container_cluster.gke-cluster",
            "kubernetes_deployment.switch-uploader-deployment",
            "kubernetes_namespace.n"
          ]
        }
      ]
    }
  ]
}
